
Microsoft Visual Studio Solution File, Format Version 12.00
# Visual Studio Version 16
VisualStudioVersion = 16.0.29306.81
MinimumVisualStudioVersion = 10.0.40219.1
Project("{FAE04EC0-301F-11D3-BF4B-00C04F79EFBC}") = "Elite Shoppy", "Elite Shoppy\Elite Shoppy.csproj", "{17B86CE9-5469-4E9D-B041-A4EB9EA8EA94}"
EndProject
Global
	GlobalSection(SolutionConfigurationPlatforms) = preSolution
		Debug|Any CPU = Debug|Any CPU
		Release|Any CPU = Release|Any CPU
	EndGlobalSection
	GlobalSection(ProjectConfigurationPlatforms) = postSolution
		{17B86CE9-5469-4E9D-B041-A4EB9EA8EA94}.Debug|Any CPU.ActiveCfg = Debug|Any CPU
		{17B86CE9-5469-4E9D-B041-A4EB9EA8EA94}.Debug|Any CPU.Build.0 = Debug|Any CPU
		{17B86CE9-5469-4E9D-B041-A4EB9EA8EA94}.Release|Any CPU.ActiveCfg = Release|Any CPU
		{17B86CE9-5469-4E9D-B041-A4EB9EA8EA94}.Release|Any CPU.Build.0 = Release|Any CPU
	EndGlobalSection
	GlobalSection(SolutionProperties) = preSolution
		HideSolutionNode = FALSE
	EndGlobalSection
	GlobalSection(ExtensibilityGlobals) = postSolution
		SolutionGuid = {C17730A8-7401-4877-A0BE-9DB4A98261F0}
	EndGlobalSection
EndGlobal
